// !$*UTF8*$!
{
	archiveVersion = 1;
	classes = {
	};
	objectVersion = 56;
	objects = {

/* Begin PBXBuildFile section */
		D42746422C3AF4D50014FB1F /* LikeViewController.swift in Sources */ = {isa = PBXBuildFile; fileRef = D42746412C3AF4D50014FB1F /* LikeViewController.swift */; };
		D42746442C3AF89D0014FB1F /* LikeCollectionViewCell.swift in Sources */ = {isa = PBXBuildFile; fileRef = D42746432C3AF89D0014FB1F /* LikeCollectionViewCell.swift */; };
		D42746462C3AF9DF0014FB1F /* ItemRepository.swift in Sources */ = {isa = PBXBuildFile; fileRef = D42746452C3AF9DF0014FB1F /* ItemRepository.swift */; };
		D42746482C3AF9EC0014FB1F /* StoreModel.swift in Sources */ = {isa = PBXBuildFile; fileRef = D42746472C3AF9EC0014FB1F /* StoreModel.swift */; };
		D427464C2C3AFA210014FB1F /* RealmSwift in Frameworks */ = {isa = PBXBuildFile; productRef = D427464B2C3AFA210014FB1F /* RealmSwift */; };
		D427464D2C3AFD7B0014FB1F /* RealmSwift in Embed Frameworks */ = {isa = PBXBuildFile; productRef = D427464B2C3AFA210014FB1F /* RealmSwift */; settings = {ATTRIBUTES = (CodeSignOnCopy, ); }; };
		D427466F2C3D82DF0014FB1F /* NicknameViewModel.swift in Sources */ = {isa = PBXBuildFile; fileRef = D427466E2C3D82DF0014FB1F /* NicknameViewModel.swift */; };
		D42746712C3D82EF0014FB1F /* Observable.swift in Sources */ = {isa = PBXBuildFile; fileRef = D42746702C3D82EF0014FB1F /* Observable.swift */; };
		D42746732C3E02860014FB1F /* ProfileViewModel.swift in Sources */ = {isa = PBXBuildFile; fileRef = D42746722C3E02860014FB1F /* ProfileViewModel.swift */; };
		D453913F2C241E7B00E407C8 /* StoreService.swift in Sources */ = {isa = PBXBuildFile; fileRef = D453913E2C241E7B00E407C8 /* StoreService.swift */; };
		D45391412C266FCC00E407C8 /* AccountTableViewCell.swift in Sources */ = {isa = PBXBuildFile; fileRef = D45391402C266FCC00E407C8 /* AccountTableViewCell.swift */; };
		D45391432C28156300E407C8 /* UnderBarTextField.swift in Sources */ = {isa = PBXBuildFile; fileRef = D45391422C28156300E407C8 /* UnderBarTextField.swift */; };
		D45391452C2816E600E407C8 /* ViewController+Ex.swift in Sources */ = {isa = PBXBuildFile; fileRef = D45391442C2816E600E407C8 /* ViewController+Ex.swift */; };
		D466A32A2C1AD53F00AA2954 /* AppDelegate.swift in Sources */ = {isa = PBXBuildFile; fileRef = D466A3292C1AD53F00AA2954 /* AppDelegate.swift */; };
		D466A32C2C1AD53F00AA2954 /* SceneDelegate.swift in Sources */ = {isa = PBXBuildFile; fileRef = D466A32B2C1AD53F00AA2954 /* SceneDelegate.swift */; };
		D466A3332C1AD54000AA2954 /* Assets.xcassets in Resources */ = {isa = PBXBuildFile; fileRef = D466A3322C1AD54000AA2954 /* Assets.xcassets */; };
		D466A3362C1AD54000AA2954 /* Base in Resources */ = {isa = PBXBuildFile; fileRef = D466A3352C1AD54000AA2954 /* Base */; };
		D466A33F2C1AD57F00AA2954 /* Alamofire in Frameworks */ = {isa = PBXBuildFile; productRef = D466A33E2C1AD57F00AA2954 /* Alamofire */; };
		D466A3422C1AD58900AA2954 /* SnapKit in Frameworks */ = {isa = PBXBuildFile; productRef = D466A3412C1AD58900AA2954 /* SnapKit */; };
		D466A3452C1AD60200AA2954 /* UIImage+Ex.swift in Sources */ = {isa = PBXBuildFile; fileRef = D466A3442C1AD60200AA2954 /* UIImage+Ex.swift */; };
		D466A3472C1AD68700AA2954 /* UIColor+Ex.swift in Sources */ = {isa = PBXBuildFile; fileRef = D466A3462C1AD68700AA2954 /* UIColor+Ex.swift */; };
		D466A3492C1B13E600AA2954 /* .gitignore in Resources */ = {isa = PBXBuildFile; fileRef = D466A3482C1B13E600AA2954 /* .gitignore */; };
		D466A34B2C1B150300AA2954 /* StoreAPI.swift in Sources */ = {isa = PBXBuildFile; fileRef = D466A34A2C1B150300AA2954 /* StoreAPI.swift */; };
		D466A34D2C1B1B3B00AA2954 /* ProfileNicknameSettingViewController.swift in Sources */ = {isa = PBXBuildFile; fileRef = D466A34C2C1B1B3B00AA2954 /* ProfileNicknameSettingViewController.swift */; };
		D466A34F2C1B1B6400AA2954 /* ProfileImageSettingViewController.swift in Sources */ = {isa = PBXBuildFile; fileRef = D466A34E2C1B1B6400AA2954 /* ProfileImageSettingViewController.swift */; };
		D466A3532C1B1BAE00AA2954 /* SearchViewController.swift in Sources */ = {isa = PBXBuildFile; fileRef = D466A3522C1B1BAE00AA2954 /* SearchViewController.swift */; };
		D466A3552C1B1BFE00AA2954 /* SettingsViewController.swift in Sources */ = {isa = PBXBuildFile; fileRef = D466A3542C1B1BFE00AA2954 /* SettingsViewController.swift */; };
		D466A3572C1B1C6A00AA2954 /* HomeTabBarController.swift in Sources */ = {isa = PBXBuildFile; fileRef = D466A3562C1B1C6A00AA2954 /* HomeTabBarController.swift */; };
		D466A35A2C1B1DAF00AA2954 /* OnboardingViewController.swift in Sources */ = {isa = PBXBuildFile; fileRef = D466A3592C1B1DAF00AA2954 /* OnboardingViewController.swift */; };
		D466A35D2C1B1DFB00AA2954 /* ButtonDesign.swift in Sources */ = {isa = PBXBuildFile; fileRef = D466A35C2C1B1DFB00AA2954 /* ButtonDesign.swift */; };
		D466A35F2C1B215D00AA2954 /* CircleImageView.swift in Sources */ = {isa = PBXBuildFile; fileRef = D466A35E2C1B215D00AA2954 /* CircleImageView.swift */; };
		D466A3612C1B282700AA2954 /* ProfileCollectionViewCell.swift in Sources */ = {isa = PBXBuildFile; fileRef = D466A3602C1B282700AA2954 /* ProfileCollectionViewCell.swift */; };
		D466A3632C1B283700AA2954 /* id.swift in Sources */ = {isa = PBXBuildFile; fileRef = D466A3622C1B283700AA2954 /* id.swift */; };
		D466A3652C1B287A00AA2954 /* SettingsTableViewCell.swift in Sources */ = {isa = PBXBuildFile; fileRef = D466A3642C1B287A00AA2954 /* SettingsTableViewCell.swift */; };
		D466A3672C1BCBAE00AA2954 /* UserDefaultsHelper.swift in Sources */ = {isa = PBXBuildFile; fileRef = D466A3662C1BCBAE00AA2954 /* UserDefaultsHelper.swift */; };
		D466A3692C1C209D00AA2954 /* CircleCamera.swift in Sources */ = {isa = PBXBuildFile; fileRef = D466A3682C1C209D00AA2954 /* CircleCamera.swift */; };
		D466A36B2C1C225F00AA2954 /* ResultsCollectionViewCell.swift in Sources */ = {isa = PBXBuildFile; fileRef = D466A36A2C1C225F00AA2954 /* ResultsCollectionViewCell.swift */; };
		D466A36D2C1C22CF00AA2954 /* ResultsViewController.swift in Sources */ = {isa = PBXBuildFile; fileRef = D466A36C2C1C22CF00AA2954 /* ResultsViewController.swift */; };
		D466A3742C1C8B3C00AA2954 /* Date+Ex.swift in Sources */ = {isa = PBXBuildFile; fileRef = D466A3732C1C8B3C00AA2954 /* Date+Ex.swift */; };
		D466A37C2C1D843E00AA2954 /* RecentListTableViewCell.swift in Sources */ = {isa = PBXBuildFile; fileRef = D466A37B2C1D843E00AA2954 /* RecentListTableViewCell.swift */; };
		D466A37E2C1DD3AE00AA2954 /* EmptySearchView.swift in Sources */ = {isa = PBXBuildFile; fileRef = D466A37D2C1DD3AE00AA2954 /* EmptySearchView.swift */; };
		D466A3802C1DD64900AA2954 /* SortingButton.swift in Sources */ = {isa = PBXBuildFile; fileRef = D466A37F2C1DD64900AA2954 /* SortingButton.swift */; };
		D466A3832C1DDE8800AA2954 /* Kingfisher in Frameworks */ = {isa = PBXBuildFile; productRef = D466A3822C1DDE8800AA2954 /* Kingfisher */; };
		D466A3852C1DE51200AA2954 /* DetailViewController.swift in Sources */ = {isa = PBXBuildFile; fileRef = D466A3842C1DE51200AA2954 /* DetailViewController.swift */; };
		D4B83E0C2C211F9B00457CC7 /* String+Ex.swift in Sources */ = {isa = PBXBuildFile; fileRef = D4B83E0B2C211F9B00457CC7 /* String+Ex.swift */; };
		D4E336872C2FBBE2003A6D44 /* BaseTopBarViewController.swift in Sources */ = {isa = PBXBuildFile; fileRef = D4E336862C2FBBE2003A6D44 /* BaseTopBarViewController.swift */; };
		D4F8D5892C2AE17B00638548 /* BaseTableViewCell.swift in Sources */ = {isa = PBXBuildFile; fileRef = D4F8D5882C2AE17B00638548 /* BaseTableViewCell.swift */; };
		D4F8D58B2C2AE4B100638548 /* BaseCollectionViewCell.swift in Sources */ = {isa = PBXBuildFile; fileRef = D4F8D58A2C2AE4B100638548 /* BaseCollectionViewCell.swift */; };
		D4F8D58D2C2AE69D00638548 /* BaseViewController.swift in Sources */ = {isa = PBXBuildFile; fileRef = D4F8D58C2C2AE69D00638548 /* BaseViewController.swift */; };
/* End PBXBuildFile section */

/* Begin PBXCopyFilesBuildPhase section */
		D427464E2C3AFD7B0014FB1F /* Embed Frameworks */ = {
			isa = PBXCopyFilesBuildPhase;
			buildActionMask = 2147483647;
			dstPath = "";
			dstSubfolderSpec = 10;
			files = (
				D427464D2C3AFD7B0014FB1F /* RealmSwift in Embed Frameworks */,
			);
			name = "Embed Frameworks";
			runOnlyForDeploymentPostprocessing = 0;
		};
/* End PBXCopyFilesBuildPhase section */

/* Begin PBXFileReference section */
		D42746412C3AF4D50014FB1F /* LikeViewController.swift */ = {isa = PBXFileReference; lastKnownFileType = sourcecode.swift; path = LikeViewController.swift; sourceTree = "<group>"; };
		D42746432C3AF89D0014FB1F /* LikeCollectionViewCell.swift */ = {isa = PBXFileReference; lastKnownFileType = sourcecode.swift; path = LikeCollectionViewCell.swift; sourceTree = "<group>"; };
		D42746452C3AF9DF0014FB1F /* ItemRepository.swift */ = {isa = PBXFileReference; lastKnownFileType = sourcecode.swift; path = ItemRepository.swift; sourceTree = "<group>"; };
		D42746472C3AF9EC0014FB1F /* StoreModel.swift */ = {isa = PBXFileReference; lastKnownFileType = sourcecode.swift; path = StoreModel.swift; sourceTree = "<group>"; };
		D427466E2C3D82DF0014FB1F /* NicknameViewModel.swift */ = {isa = PBXFileReference; lastKnownFileType = sourcecode.swift; path = NicknameViewModel.swift; sourceTree = "<group>"; };
		D42746702C3D82EF0014FB1F /* Observable.swift */ = {isa = PBXFileReference; lastKnownFileType = sourcecode.swift; path = Observable.swift; sourceTree = "<group>"; };
		D42746722C3E02860014FB1F /* ProfileViewModel.swift */ = {isa = PBXFileReference; lastKnownFileType = sourcecode.swift; path = ProfileViewModel.swift; sourceTree = "<group>"; };
		D453913E2C241E7B00E407C8 /* StoreService.swift */ = {isa = PBXFileReference; lastKnownFileType = sourcecode.swift; path = StoreService.swift; sourceTree = "<group>"; };
		D45391402C266FCC00E407C8 /* AccountTableViewCell.swift */ = {isa = PBXFileReference; lastKnownFileType = sourcecode.swift; path = AccountTableViewCell.swift; sourceTree = "<group>"; };
		D45391422C28156300E407C8 /* UnderBarTextField.swift */ = {isa = PBXFileReference; lastKnownFileType = sourcecode.swift; path = UnderBarTextField.swift; sourceTree = "<group>"; };
		D45391442C2816E600E407C8 /* ViewController+Ex.swift */ = {isa = PBXFileReference; lastKnownFileType = sourcecode.swift; path = "ViewController+Ex.swift"; sourceTree = "<group>"; };
		D466A3262C1AD53F00AA2954 /* Store.app */ = {isa = PBXFileReference; explicitFileType = wrapper.application; includeInIndex = 0; path = Store.app; sourceTree = BUILT_PRODUCTS_DIR; };
		D466A3292C1AD53F00AA2954 /* AppDelegate.swift */ = {isa = PBXFileReference; lastKnownFileType = sourcecode.swift; path = AppDelegate.swift; sourceTree = "<group>"; };
		D466A32B2C1AD53F00AA2954 /* SceneDelegate.swift */ = {isa = PBXFileReference; lastKnownFileType = sourcecode.swift; path = SceneDelegate.swift; sourceTree = "<group>"; };
		D466A3322C1AD54000AA2954 /* Assets.xcassets */ = {isa = PBXFileReference; lastKnownFileType = folder.assetcatalog; path = Assets.xcassets; sourceTree = "<group>"; };
		D466A3352C1AD54000AA2954 /* Base */ = {isa = PBXFileReference; lastKnownFileType = file.storyboard; name = Base; path = Base.lproj/LaunchScreen.storyboard; sourceTree = "<group>"; };
		D466A3372C1AD54000AA2954 /* Info.plist */ = {isa = PBXFileReference; lastKnownFileType = text.plist.xml; path = Info.plist; sourceTree = "<group>"; };
		D466A3442C1AD60200AA2954 /* UIImage+Ex.swift */ = {isa = PBXFileReference; lastKnownFileType = sourcecode.swift; path = "UIImage+Ex.swift"; sourceTree = "<group>"; };
		D466A3462C1AD68700AA2954 /* UIColor+Ex.swift */ = {isa = PBXFileReference; lastKnownFileType = sourcecode.swift; path = "UIColor+Ex.swift"; sourceTree = "<group>"; };
		D466A3482C1B13E600AA2954 /* .gitignore */ = {isa = PBXFileReference; lastKnownFileType = text; path = .gitignore; sourceTree = "<group>"; };
		D466A34A2C1B150300AA2954 /* StoreAPI.swift */ = {isa = PBXFileReference; lastKnownFileType = sourcecode.swift; path = StoreAPI.swift; sourceTree = "<group>"; };
		D466A34C2C1B1B3B00AA2954 /* ProfileNicknameSettingViewController.swift */ = {isa = PBXFileReference; lastKnownFileType = sourcecode.swift; path = ProfileNicknameSettingViewController.swift; sourceTree = "<group>"; };
		D466A34E2C1B1B6400AA2954 /* ProfileImageSettingViewController.swift */ = {isa = PBXFileReference; lastKnownFileType = sourcecode.swift; path = ProfileImageSettingViewController.swift; sourceTree = "<group>"; };
		D466A3522C1B1BAE00AA2954 /* SearchViewController.swift */ = {isa = PBXFileReference; lastKnownFileType = sourcecode.swift; path = SearchViewController.swift; sourceTree = "<group>"; };
		D466A3542C1B1BFE00AA2954 /* SettingsViewController.swift */ = {isa = PBXFileReference; lastKnownFileType = sourcecode.swift; path = SettingsViewController.swift; sourceTree = "<group>"; };
		D466A3562C1B1C6A00AA2954 /* HomeTabBarController.swift */ = {isa = PBXFileReference; lastKnownFileType = sourcecode.swift; path = HomeTabBarController.swift; sourceTree = "<group>"; };
		D466A3592C1B1DAF00AA2954 /* OnboardingViewController.swift */ = {isa = PBXFileReference; lastKnownFileType = sourcecode.swift; path = OnboardingViewController.swift; sourceTree = "<group>"; };
		D466A35C2C1B1DFB00AA2954 /* ButtonDesign.swift */ = {isa = PBXFileReference; lastKnownFileType = sourcecode.swift; path = ButtonDesign.swift; sourceTree = "<group>"; };
		D466A35E2C1B215D00AA2954 /* CircleImageView.swift */ = {isa = PBXFileReference; lastKnownFileType = sourcecode.swift; path = CircleImageView.swift; sourceTree = "<group>"; };
		D466A3602C1B282700AA2954 /* ProfileCollectionViewCell.swift */ = {isa = PBXFileReference; lastKnownFileType = sourcecode.swift; path = ProfileCollectionViewCell.swift; sourceTree = "<group>"; };
		D466A3622C1B283700AA2954 /* id.swift */ = {isa = PBXFileReference; lastKnownFileType = sourcecode.swift; path = id.swift; sourceTree = "<group>"; };
		D466A3642C1B287A00AA2954 /* SettingsTableViewCell.swift */ = {isa = PBXFileReference; lastKnownFileType = sourcecode.swift; path = SettingsTableViewCell.swift; sourceTree = "<group>"; };
		D466A3662C1BCBAE00AA2954 /* UserDefaultsHelper.swift */ = {isa = PBXFileReference; lastKnownFileType = sourcecode.swift; path = UserDefaultsHelper.swift; sourceTree = "<group>"; };
		D466A3682C1C209D00AA2954 /* CircleCamera.swift */ = {isa = PBXFileReference; lastKnownFileType = sourcecode.swift; path = CircleCamera.swift; sourceTree = "<group>"; };
		D466A36A2C1C225F00AA2954 /* ResultsCollectionViewCell.swift */ = {isa = PBXFileReference; lastKnownFileType = sourcecode.swift; path = ResultsCollectionViewCell.swift; sourceTree = "<group>"; };
		D466A36C2C1C22CF00AA2954 /* ResultsViewController.swift */ = {isa = PBXFileReference; lastKnownFileType = sourcecode.swift; path = ResultsViewController.swift; sourceTree = "<group>"; };
		D466A3732C1C8B3C00AA2954 /* Date+Ex.swift */ = {isa = PBXFileReference; lastKnownFileType = sourcecode.swift; path = "Date+Ex.swift"; sourceTree = "<group>"; };
		D466A37B2C1D843E00AA2954 /* RecentListTableViewCell.swift */ = {isa = PBXFileReference; lastKnownFileType = sourcecode.swift; path = RecentListTableViewCell.swift; sourceTree = "<group>"; };
		D466A37D2C1DD3AE00AA2954 /* EmptySearchView.swift */ = {isa = PBXFileReference; lastKnownFileType = sourcecode.swift; path = EmptySearchView.swift; sourceTree = "<group>"; };
		D466A37F2C1DD64900AA2954 /* SortingButton.swift */ = {isa = PBXFileReference; lastKnownFileType = sourcecode.swift; path = SortingButton.swift; sourceTree = "<group>"; };
		D466A3842C1DE51200AA2954 /* DetailViewController.swift */ = {isa = PBXFileReference; lastKnownFileType = sourcecode.swift; path = DetailViewController.swift; sourceTree = "<group>"; };
		D4B83E0B2C211F9B00457CC7 /* String+Ex.swift */ = {isa = PBXFileReference; lastKnownFileType = sourcecode.swift; path = "String+Ex.swift"; sourceTree = "<group>"; };
		D4E336862C2FBBE2003A6D44 /* BaseTopBarViewController.swift */ = {isa = PBXFileReference; lastKnownFileType = sourcecode.swift; path = BaseTopBarViewController.swift; sourceTree = "<group>"; };
		D4F8D5882C2AE17B00638548 /* BaseTableViewCell.swift */ = {isa = PBXFileReference; lastKnownFileType = sourcecode.swift; path = BaseTableViewCell.swift; sourceTree = "<group>"; };
		D4F8D58A2C2AE4B100638548 /* BaseCollectionViewCell.swift */ = {isa = PBXFileReference; lastKnownFileType = sourcecode.swift; path = BaseCollectionViewCell.swift; sourceTree = "<group>"; };
		D4F8D58C2C2AE69D00638548 /* BaseViewController.swift */ = {isa = PBXFileReference; lastKnownFileType = sourcecode.swift; path = BaseViewController.swift; sourceTree = "<group>"; };
/* End PBXFileReference section */

/* Begin PBXFrameworksBuildPhase section */
		D466A3232C1AD53F00AA2954 /* Frameworks */ = {
			isa = PBXFrameworksBuildPhase;
			buildActionMask = 2147483647;
			files = (
				D427464C2C3AFA210014FB1F /* RealmSwift in Frameworks */,
				D466A3832C1DDE8800AA2954 /* Kingfisher in Frameworks */,
				D466A33F2C1AD57F00AA2954 /* Alamofire in Frameworks */,
				D466A3422C1AD58900AA2954 /* SnapKit in Frameworks */,
			);
			runOnlyForDeploymentPostprocessing = 0;
		};
/* End PBXFrameworksBuildPhase section */

/* Begin PBXGroup section */
		D42746402C3AF4C40014FB1F /* LikeTab */ = {
			isa = PBXGroup;
			children = (
				D42746412C3AF4D50014FB1F /* LikeViewController.swift */,
				D42746432C3AF89D0014FB1F /* LikeCollectionViewCell.swift */,
			);
			path = LikeTab;
			sourceTree = "<group>";
		};
		D42746492C3AF9F20014FB1F /* DataBase */ = {
			isa = PBXGroup;
			children = (
				D42746472C3AF9EC0014FB1F /* StoreModel.swift */,
				D42746452C3AF9DF0014FB1F /* ItemRepository.swift */,
			);
			path = DataBase;
			sourceTree = "<group>";
		};
		D453913D2C241E6400E407C8 /* StoreService */ = {
			isa = PBXGroup;
			children = (
				D466A34A2C1B150300AA2954 /* StoreAPI.swift */,
				D453913E2C241E7B00E407C8 /* StoreService.swift */,
			);
			path = StoreService;
			sourceTree = "<group>";
		};
		D466A31D2C1AD53F00AA2954 = {
			isa = PBXGroup;
			children = (
				D466A3482C1B13E600AA2954 /* .gitignore */,
				D466A3282C1AD53F00AA2954 /* Store */,
				D466A3272C1AD53F00AA2954 /* Products */,
			);
			sourceTree = "<group>";
		};
		D466A3272C1AD53F00AA2954 /* Products */ = {
			isa = PBXGroup;
			children = (
				D466A3262C1AD53F00AA2954 /* Store.app */,
			);
			name = Products;
			sourceTree = "<group>";
		};
		D466A3282C1AD53F00AA2954 /* Store */ = {
			isa = PBXGroup;
			children = (
				D466A3292C1AD53F00AA2954 /* AppDelegate.swift */,
				D466A32B2C1AD53F00AA2954 /* SceneDelegate.swift */,
				D453913D2C241E6400E407C8 /* StoreService */,
				D42746492C3AF9F20014FB1F /* DataBase */,
				D466A3582C1B1D9300AA2954 /* Onboarding */,
				D466A3512C1B1BA100AA2954 /* Tabs */,
				D466A3502C1B1B9600AA2954 /* Profile */,
				D42746402C3AF4C40014FB1F /* LikeTab */,
				D466A3772C1D83E000AA2954 /* Search */,
				D466A36E2C1C238400AA2954 /* Results */,
				D466A3782C1D83EC00AA2954 /* Settings */,
				D466A3432C1AD5F200AA2954 /* Extensions */,
				D466A35B2C1B1DDD00AA2954 /* Design */,
				D4F8D5872C2AE15700638548 /* Base */,
				D466A3342C1AD54000AA2954 /* LaunchScreen.storyboard */,
				D466A3322C1AD54000AA2954 /* Assets.xcassets */,
				D466A3372C1AD54000AA2954 /* Info.plist */,
			);
			path = Store;
			sourceTree = "<group>";
		};
		D466A3432C1AD5F200AA2954 /* Extensions */ = {
			isa = PBXGroup;
			children = (
				D466A3662C1BCBAE00AA2954 /* UserDefaultsHelper.swift */,
				D45391442C2816E600E407C8 /* ViewController+Ex.swift */,
				D466A3442C1AD60200AA2954 /* UIImage+Ex.swift */,
				D466A3462C1AD68700AA2954 /* UIColor+Ex.swift */,
				D4B83E0B2C211F9B00457CC7 /* String+Ex.swift */,
				D466A3732C1C8B3C00AA2954 /* Date+Ex.swift */,
				D466A3622C1B283700AA2954 /* id.swift */,
				D42746702C3D82EF0014FB1F /* Observable.swift */,
			);
			path = Extensions;
			sourceTree = "<group>";
		};
		D466A3502C1B1B9600AA2954 /* Profile */ = {
			isa = PBXGroup;
			children = (
				D466A34C2C1B1B3B00AA2954 /* ProfileNicknameSettingViewController.swift */,
				D466A34E2C1B1B6400AA2954 /* ProfileImageSettingViewController.swift */,
				D466A3602C1B282700AA2954 /* ProfileCollectionViewCell.swift */,
				D427466E2C3D82DF0014FB1F /* NicknameViewModel.swift */,
				D42746722C3E02860014FB1F /* ProfileViewModel.swift */,
			);
			path = Profile;
			sourceTree = "<group>";
		};
		D466A3512C1B1BA100AA2954 /* Tabs */ = {
			isa = PBXGroup;
			children = (
				D466A3562C1B1C6A00AA2954 /* HomeTabBarController.swift */,
			);
			path = Tabs;
			sourceTree = "<group>";
		};
		D466A3582C1B1D9300AA2954 /* Onboarding */ = {
			isa = PBXGroup;
			children = (
				D466A3592C1B1DAF00AA2954 /* OnboardingViewController.swift */,
			);
			path = Onboarding;
			sourceTree = "<group>";
		};
		D466A35B2C1B1DDD00AA2954 /* Design */ = {
			isa = PBXGroup;
			children = (
				D466A35C2C1B1DFB00AA2954 /* ButtonDesign.swift */,
				D45391422C28156300E407C8 /* UnderBarTextField.swift */,
				D466A35E2C1B215D00AA2954 /* CircleImageView.swift */,
				D466A3682C1C209D00AA2954 /* CircleCamera.swift */,
				D466A37F2C1DD64900AA2954 /* SortingButton.swift */,
			);
			path = Design;
			sourceTree = "<group>";
		};
		D466A36E2C1C238400AA2954 /* Results */ = {
			isa = PBXGroup;
			children = (
				D466A36C2C1C22CF00AA2954 /* ResultsViewController.swift */,
				D466A36A2C1C225F00AA2954 /* ResultsCollectionViewCell.swift */,
				D466A3842C1DE51200AA2954 /* DetailViewController.swift */,
			);
			path = Results;
			sourceTree = "<group>";
		};
		D466A3772C1D83E000AA2954 /* Search */ = {
			isa = PBXGroup;
			children = (
				D466A3522C1B1BAE00AA2954 /* SearchViewController.swift */,
				D466A37D2C1DD3AE00AA2954 /* EmptySearchView.swift */,
				D466A37B2C1D843E00AA2954 /* RecentListTableViewCell.swift */,
			);
			path = Search;
			sourceTree = "<group>";
		};
		D466A3782C1D83EC00AA2954 /* Settings */ = {
			isa = PBXGroup;
			children = (
				D466A3542C1B1BFE00AA2954 /* SettingsViewController.swift */,
				D45391402C266FCC00E407C8 /* AccountTableViewCell.swift */,
				D466A3642C1B287A00AA2954 /* SettingsTableViewCell.swift */,
			);
			path = Settings;
			sourceTree = "<group>";
		};
		D4F8D5872C2AE15700638548 /* Base */ = {
			isa = PBXGroup;
			children = (
				D4F8D58C2C2AE69D00638548 /* BaseViewController.swift */,
				D4E336862C2FBBE2003A6D44 /* BaseTopBarViewController.swift */,
				D4F8D5882C2AE17B00638548 /* BaseTableViewCell.swift */,
				D4F8D58A2C2AE4B100638548 /* BaseCollectionViewCell.swift */,
			);
			path = Base;
			sourceTree = "<group>";
		};
/* End PBXGroup section */

/* Begin PBXNativeTarget section */
		D466A3252C1AD53F00AA2954 /* Store */ = {
			isa = PBXNativeTarget;
			buildConfigurationList = D466A33A2C1AD54000AA2954 /* Build configuration list for PBXNativeTarget "Store" */;
			buildPhases = (
				D466A3222C1AD53F00AA2954 /* Sources */,
				D466A3232C1AD53F00AA2954 /* Frameworks */,
				D466A3242C1AD53F00AA2954 /* Resources */,
				D427464E2C3AFD7B0014FB1F /* Embed Frameworks */,
			);
			buildRules = (
			);
			dependencies = (
			);
			name = Store;
			packageProductDependencies = (
				D466A33E2C1AD57F00AA2954 /* Alamofire */,
				D466A3412C1AD58900AA2954 /* SnapKit */,
				D466A3822C1DDE8800AA2954 /* Kingfisher */,
				D427464B2C3AFA210014FB1F /* RealmSwift */,
			);
			productName = Store;
			productReference = D466A3262C1AD53F00AA2954 /* Store.app */;
			productType = "com.apple.product-type.application";
		};
/* End PBXNativeTarget section */

/* Begin PBXProject section */
		D466A31E2C1AD53F00AA2954 /* Project object */ = {
			isa = PBXProject;
			attributes = {
				BuildIndependentTargetsInParallel = 1;
				LastSwiftUpdateCheck = 1540;
				LastUpgradeCheck = 1540;
				TargetAttributes = {
					D466A3252C1AD53F00AA2954 = {
						CreatedOnToolsVersion = 15.4;
					};
				};
			};
			buildConfigurationList = D466A3212C1AD53F00AA2954 /* Build configuration list for PBXProject "Store" */;
			compatibilityVersion = "Xcode 14.0";
			developmentRegion = en;
			hasScannedForEncodings = 0;
			knownRegions = (
				en,
				Base,
			);
			mainGroup = D466A31D2C1AD53F00AA2954;
			packageReferences = (
				D466A33D2C1AD57F00AA2954 /* XCRemoteSwiftPackageReference "Alamofire" */,
				D466A3402C1AD58900AA2954 /* XCRemoteSwiftPackageReference "SnapKit" */,
				D466A3812C1DDE8800AA2954 /* XCRemoteSwiftPackageReference "Kingfisher" */,
				D427464A2C3AFA210014FB1F /* XCRemoteSwiftPackageReference "realm-swift" */,
			);
			productRefGroup = D466A3272C1AD53F00AA2954 /* Products */;
			projectDirPath = "";
			projectRoot = "";
			targets = (
				D466A3252C1AD53F00AA2954 /* Store */,
			);
		};
/* End PBXProject section */

/* Begin PBXResourcesBuildPhase section */
		D466A3242C1AD53F00AA2954 /* Resources */ = {
			isa = PBXResourcesBuildPhase;
			buildActionMask = 2147483647;
			files = (
				D466A3332C1AD54000AA2954 /* Assets.xcassets in Resources */,
				D466A3492C1B13E600AA2954 /* .gitignore in Resources */,
				D466A3362C1AD54000AA2954 /* Base in Resources */,
			);
			runOnlyForDeploymentPostprocessing = 0;
		};
/* End PBXResourcesBuildPhase section */

/* Begin PBXSourcesBuildPhase section */
		D466A3222C1AD53F00AA2954 /* Sources */ = {
			isa = PBXSourcesBuildPhase;
			buildActionMask = 2147483647;
			files = (
				D42746462C3AF9DF0014FB1F /* ItemRepository.swift in Sources */,
				D466A3672C1BCBAE00AA2954 /* UserDefaultsHelper.swift in Sources */,
				D466A3692C1C209D00AA2954 /* CircleCamera.swift in Sources */,
				D466A3802C1DD64900AA2954 /* SortingButton.swift in Sources */,
				D466A3632C1B283700AA2954 /* id.swift in Sources */,
				D466A37E2C1DD3AE00AA2954 /* EmptySearchView.swift in Sources */,
				D42746732C3E02860014FB1F /* ProfileViewModel.swift in Sources */,
				D466A3452C1AD60200AA2954 /* UIImage+Ex.swift in Sources */,
				D466A3742C1C8B3C00AA2954 /* Date+Ex.swift in Sources */,
				D42746442C3AF89D0014FB1F /* LikeCollectionViewCell.swift in Sources */,
				D466A35F2C1B215D00AA2954 /* CircleImageView.swift in Sources */,
				D466A3572C1B1C6A00AA2954 /* HomeTabBarController.swift in Sources */,
				D42746712C3D82EF0014FB1F /* Observable.swift in Sources */,
				D42746422C3AF4D50014FB1F /* LikeViewController.swift in Sources */,
				D427466F2C3D82DF0014FB1F /* NicknameViewModel.swift in Sources */,
				D45391432C28156300E407C8 /* UnderBarTextField.swift in Sources */,
				D42746482C3AF9EC0014FB1F /* StoreModel.swift in Sources */,
				D466A3612C1B282700AA2954 /* ProfileCollectionViewCell.swift in Sources */,
				D466A34B2C1B150300AA2954 /* StoreAPI.swift in Sources */,
				D466A3552C1B1BFE00AA2954 /* SettingsViewController.swift in Sources */,
				D466A34F2C1B1B6400AA2954 /* ProfileImageSettingViewController.swift in Sources */,
				D466A3472C1AD68700AA2954 /* UIColor+Ex.swift in Sources */,
				D4F8D5892C2AE17B00638548 /* BaseTableViewCell.swift in Sources */,
				D466A35A2C1B1DAF00AA2954 /* OnboardingViewController.swift in Sources */,
				D466A3652C1B287A00AA2954 /* SettingsTableViewCell.swift in Sources */,
				D466A36B2C1C225F00AA2954 /* ResultsCollectionViewCell.swift in Sources */,
				D466A32A2C1AD53F00AA2954 /* AppDelegate.swift in Sources */,
				D453913F2C241E7B00E407C8 /* StoreService.swift in Sources */,
				D4B83E0C2C211F9B00457CC7 /* String+Ex.swift in Sources */,
				D466A3532C1B1BAE00AA2954 /* SearchViewController.swift in Sources */,
				D466A37C2C1D843E00AA2954 /* RecentListTableViewCell.swift in Sources */,
				D466A36D2C1C22CF00AA2954 /* ResultsViewController.swift in Sources */,
				D4E336872C2FBBE2003A6D44 /* BaseTopBarViewController.swift in Sources */,
				D4F8D58B2C2AE4B100638548 /* BaseCollectionViewCell.swift in Sources */,
				D45391412C266FCC00E407C8 /* AccountTableViewCell.swift in Sources */,
				D466A35D2C1B1DFB00AA2954 /* ButtonDesign.swift in Sources */,
				D4F8D58D2C2AE69D00638548 /* BaseViewController.swift in Sources */,
				D466A32C2C1AD53F00AA2954 /* SceneDelegate.swift in Sources */,
				D466A34D2C1B1B3B00AA2954 /* ProfileNicknameSettingViewController.swift in Sources */,
				D466A3852C1DE51200AA2954 /* DetailViewController.swift in Sources */,
				D45391452C2816E600E407C8 /* ViewController+Ex.swift in Sources */,
			);
			runOnlyForDeploymentPostprocessing = 0;
		};
/* End PBXSourcesBuildPhase section */

/* Begin PBXVariantGroup section */
		D466A3342C1AD54000AA2954 /* LaunchScreen.storyboard */ = {
			isa = PBXVariantGroup;
			children = (
				D466A3352C1AD54000AA2954 /* Base */,
			);
			name = LaunchScreen.storyboard;
			sourceTree = "<group>";
		};
/* End PBXVariantGroup section */

/* Begin XCBuildConfiguration section */
		D466A3382C1AD54000AA2954 /* Debug */ = {
			isa = XCBuildConfiguration;
			buildSettings = {
				ALWAYS_SEARCH_USER_PATHS = NO;
				ASSETCATALOG_COMPILER_GENERATE_SWIFT_ASSET_SYMBOL_EXTENSIONS = YES;
				CLANG_ANALYZER_NONNULL = YES;
				CLANG_ANALYZER_NUMBER_OBJECT_CONVERSION = YES_AGGRESSIVE;
				CLANG_CXX_LANGUAGE_STANDARD = "gnu++20";
				CLANG_ENABLE_MODULES = YES;
				CLANG_ENABLE_OBJC_ARC = YES;
				CLANG_ENABLE_OBJC_WEAK = YES;
				CLANG_WARN_BLOCK_CAPTURE_AUTORELEASING = YES;
				CLANG_WARN_BOOL_CONVERSION = YES;
				CLANG_WARN_COMMA = YES;
				CLANG_WARN_CONSTANT_CONVERSION = YES;
				CLANG_WARN_DEPRECATED_OBJC_IMPLEMENTATIONS = YES;
				CLANG_WARN_DIRECT_OBJC_ISA_USAGE = YES_ERROR;
				CLANG_WARN_DOCUMENTATION_COMMENTS = YES;
				CLANG_WARN_EMPTY_BODY = YES;
				CLANG_WARN_ENUM_CONVERSION = YES;
				CLANG_WARN_INFINITE_RECURSION = YES;
				CLANG_WARN_INT_CONVERSION = YES;
				CLANG_WARN_NON_LITERAL_NULL_CONVERSION = YES;
				CLANG_WARN_OBJC_IMPLICIT_RETAIN_SELF = YES;
				CLANG_WARN_OBJC_LITERAL_CONVERSION = YES;
				CLANG_WARN_OBJC_ROOT_CLASS = YES_ERROR;
				CLANG_WARN_QUOTED_INCLUDE_IN_FRAMEWORK_HEADER = YES;
				CLANG_WARN_RANGE_LOOP_ANALYSIS = YES;
				CLANG_WARN_STRICT_PROTOTYPES = YES;
				CLANG_WARN_SUSPICIOUS_MOVE = YES;
				CLANG_WARN_UNGUARDED_AVAILABILITY = YES_AGGRESSIVE;
				CLANG_WARN_UNREACHABLE_CODE = YES;
				CLANG_WARN__DUPLICATE_METHOD_MATCH = YES;
				COPY_PHASE_STRIP = NO;
				DEBUG_INFORMATION_FORMAT = dwarf;
				ENABLE_STRICT_OBJC_MSGSEND = YES;
				ENABLE_TESTABILITY = YES;
				ENABLE_USER_SCRIPT_SANDBOXING = YES;
				GCC_C_LANGUAGE_STANDARD = gnu17;
				GCC_DYNAMIC_NO_PIC = NO;
				GCC_NO_COMMON_BLOCKS = YES;
				GCC_OPTIMIZATION_LEVEL = 0;
				GCC_PREPROCESSOR_DEFINITIONS = (
					"DEBUG=1",
					"$(inherited)",
				);
				GCC_WARN_64_TO_32_BIT_CONVERSION = YES;
				GCC_WARN_ABOUT_RETURN_TYPE = YES_ERROR;
				GCC_WARN_UNDECLARED_SELECTOR = YES;
				GCC_WARN_UNINITIALIZED_AUTOS = YES_AGGRESSIVE;
				GCC_WARN_UNUSED_FUNCTION = YES;
				GCC_WARN_UNUSED_VARIABLE = YES;
				IPHONEOS_DEPLOYMENT_TARGET = 17.5;
				LOCALIZATION_PREFERS_STRING_CATALOGS = YES;
				MTL_ENABLE_DEBUG_INFO = INCLUDE_SOURCE;
				MTL_FAST_MATH = YES;
				ONLY_ACTIVE_ARCH = YES;
				SDKROOT = iphoneos;
				SWIFT_ACTIVE_COMPILATION_CONDITIONS = "DEBUG $(inherited)";
				SWIFT_OPTIMIZATION_LEVEL = "-Onone";
			};
			name = Debug;
		};
		D466A3392C1AD54000AA2954 /* Release */ = {
			isa = XCBuildConfiguration;
			buildSettings = {
				ALWAYS_SEARCH_USER_PATHS = NO;
				ASSETCATALOG_COMPILER_GENERATE_SWIFT_ASSET_SYMBOL_EXTENSIONS = YES;
				CLANG_ANALYZER_NONNULL = YES;
				CLANG_ANALYZER_NUMBER_OBJECT_CONVERSION = YES_AGGRESSIVE;
				CLANG_CXX_LANGUAGE_STANDARD = "gnu++20";
				CLANG_ENABLE_MODULES = YES;
				CLANG_ENABLE_OBJC_ARC = YES;
				CLANG_ENABLE_OBJC_WEAK = YES;
				CLANG_WARN_BLOCK_CAPTURE_AUTORELEASING = YES;
				CLANG_WARN_BOOL_CONVERSION = YES;
				CLANG_WARN_COMMA = YES;
				CLANG_WARN_CONSTANT_CONVERSION = YES;
				CLANG_WARN_DEPRECATED_OBJC_IMPLEMENTATIONS = YES;
				CLANG_WARN_DIRECT_OBJC_ISA_USAGE = YES_ERROR;
				CLANG_WARN_DOCUMENTATION_COMMENTS = YES;
				CLANG_WARN_EMPTY_BODY = YES;
				CLANG_WARN_ENUM_CONVERSION = YES;
				CLANG_WARN_INFINITE_RECURSION = YES;
				CLANG_WARN_INT_CONVERSION = YES;
				CLANG_WARN_NON_LITERAL_NULL_CONVERSION = YES;
				CLANG_WARN_OBJC_IMPLICIT_RETAIN_SELF = YES;
				CLANG_WARN_OBJC_LITERAL_CONVERSION = YES;
				CLANG_WARN_OBJC_ROOT_CLASS = YES_ERROR;
				CLANG_WARN_QUOTED_INCLUDE_IN_FRAMEWORK_HEADER = YES;
				CLANG_WARN_RANGE_LOOP_ANALYSIS = YES;
				CLANG_WARN_STRICT_PROTOTYPES = YES;
				CLANG_WARN_SUSPICIOUS_MOVE = YES;
				CLANG_WARN_UNGUARDED_AVAILABILITY = YES_AGGRESSIVE;
				CLANG_WARN_UNREACHABLE_CODE = YES;
				CLANG_WARN__DUPLICATE_METHOD_MATCH = YES;
				COPY_PHASE_STRIP = NO;
				DEBUG_INFORMATION_FORMAT = "dwarf-with-dsym";
				ENABLE_NS_ASSERTIONS = NO;
				ENABLE_STRICT_OBJC_MSGSEND = YES;
				ENABLE_USER_SCRIPT_SANDBOXING = YES;
				GCC_C_LANGUAGE_STANDARD = gnu17;
				GCC_NO_COMMON_BLOCKS = YES;
				GCC_WARN_64_TO_32_BIT_CONVERSION = YES;
				GCC_WARN_ABOUT_RETURN_TYPE = YES_ERROR;
				GCC_WARN_UNDECLARED_SELECTOR = YES;
				GCC_WARN_UNINITIALIZED_AUTOS = YES_AGGRESSIVE;
				GCC_WARN_UNUSED_FUNCTION = YES;
				GCC_WARN_UNUSED_VARIABLE = YES;
				IPHONEOS_DEPLOYMENT_TARGET = 17.5;
				LOCALIZATION_PREFERS_STRING_CATALOGS = YES;
				MTL_ENABLE_DEBUG_INFO = NO;
				MTL_FAST_MATH = YES;
				SDKROOT = iphoneos;
				SWIFT_COMPILATION_MODE = wholemodule;
				VALIDATE_PRODUCT = YES;
			};
			name = Release;
		};
		D466A33B2C1AD54000AA2954 /* Debug */ = {
			isa = XCBuildConfiguration;
			buildSettings = {
				ASSETCATALOG_COMPILER_APPICON_NAME = AppIcon;
				ASSETCATALOG_COMPILER_GLOBAL_ACCENT_COLOR_NAME = AccentColor;
				CODE_SIGN_STYLE = Automatic;
				CURRENT_PROJECT_VERSION = 1;
				DEVELOPMENT_TEAM = NWL6WKXWCJ;
				GENERATE_INFOPLIST_FILE = YES;
				INFOPLIST_FILE = Store/Info.plist;
				INFOPLIST_KEY_CFBundleDisplayName = Store;
				INFOPLIST_KEY_UIApplicationSupportsIndirectInputEvents = YES;
				INFOPLIST_KEY_UILaunchStoryboardName = LaunchScreen;
				INFOPLIST_KEY_UISupportedInterfaceOrientations = UIInterfaceOrientationPortrait;
				INFOPLIST_KEY_UISupportedInterfaceOrientations_iPad = "UIInterfaceOrientationLandscapeLeft UIInterfaceOrientationLandscapeRight UIInterfaceOrientationPortrait UIInterfaceOrientationPortraitUpsideDown";
				IPHONEOS_DEPLOYMENT_TARGET = 15.0;
				LD_RUNPATH_SEARCH_PATHS = (
					"$(inherited)",
					"@executable_path/Frameworks",
				);
				MARKETING_VERSION = 1.0;
				PRODUCT_BUNDLE_IDENTIFIER = com.Ray.Store;
				PRODUCT_NAME = "$(TARGET_NAME)";
				SUPPORTED_PLATFORMS = "iphoneos iphonesimulator";
				SUPPORTS_MACCATALYST = NO;
				SUPPORTS_MAC_DESIGNED_FOR_IPHONE_IPAD = NO;
				SUPPORTS_XR_DESIGNED_FOR_IPHONE_IPAD = NO;
				SWIFT_EMIT_LOC_STRINGS = YES;
				SWIFT_VERSION = 5.0;
				TARGETED_DEVICE_FAMILY = 1;
			};
			name = Debug;
		};
		D466A33C2C1AD54000AA2954 /* Release */ = {
			isa = XCBuildConfiguration;
			buildSettings = {
				ASSETCATALOG_COMPILER_APPICON_NAME = AppIcon;
				ASSETCATALOG_COMPILER_GLOBAL_ACCENT_COLOR_NAME = AccentColor;
				CODE_SIGN_STYLE = Automatic;
				CURRENT_PROJECT_VERSION = 1;
				DEVELOPMENT_TEAM = NWL6WKXWCJ;
				GENERATE_INFOPLIST_FILE = YES;
				INFOPLIST_FILE = Store/Info.plist;
				INFOPLIST_KEY_CFBundleDisplayName = Store;
				INFOPLIST_KEY_UIApplicationSupportsIndirectInputEvents = YES;
				INFOPLIST_KEY_UILaunchStoryboardName = LaunchScreen;
				INFOPLIST_KEY_UISupportedInterfaceOrientations = UIInterfaceOrientationPortrait;
				INFOPLIST_KEY_UISupportedInterfaceOrientations_iPad = "UIInterfaceOrientationLandscapeLeft UIInterfaceOrientationLandscapeRight UIInterfaceOrientationPortrait UIInterfaceOrientationPortraitUpsideDown";
				IPHONEOS_DEPLOYMENT_TARGET = 15.0;
				LD_RUNPATH_SEARCH_PATHS = (
					"$(inherited)",
					"@executable_path/Frameworks",
				);
				MARKETING_VERSION = 1.0;
				PRODUCT_BUNDLE_IDENTIFIER = com.Ray.Store;
				PRODUCT_NAME = "$(TARGET_NAME)";
				SUPPORTED_PLATFORMS = "iphoneos iphonesimulator";
				SUPPORTS_MACCATALYST = NO;
				SUPPORTS_MAC_DESIGNED_FOR_IPHONE_IPAD = NO;
				SUPPORTS_XR_DESIGNED_FOR_IPHONE_IPAD = NO;
				SWIFT_EMIT_LOC_STRINGS = YES;
				SWIFT_VERSION = 5.0;
				TARGETED_DEVICE_FAMILY = 1;
			};
			name = Release;
		};
/* End XCBuildConfiguration section */

/* Begin XCConfigurationList section */
		D466A3212C1AD53F00AA2954 /* Build configuration list for PBXProject "Store" */ = {
			isa = XCConfigurationList;
			buildConfigurations = (
				D466A3382C1AD54000AA2954 /* Debug */,
				D466A3392C1AD54000AA2954 /* Release */,
			);
			defaultConfigurationIsVisible = 0;
			defaultConfigurationName = Release;
		};
		D466A33A2C1AD54000AA2954 /* Build configuration list for PBXNativeTarget "Store" */ = {
			isa = XCConfigurationList;
			buildConfigurations = (
				D466A33B2C1AD54000AA2954 /* Debug */,
				D466A33C2C1AD54000AA2954 /* Release */,
			);
			defaultConfigurationIsVisible = 0;
			defaultConfigurationName = Release;
		};
/* End XCConfigurationList section */

/* Begin XCRemoteSwiftPackageReference section */
		D427464A2C3AFA210014FB1F /* XCRemoteSwiftPackageReference "realm-swift" */ = {
			isa = XCRemoteSwiftPackageReference;
			repositoryURL = "https://github.com/realm/realm-swift.git";
			requirement = {
				branch = master;
				kind = branch;
			};
		};
		D466A33D2C1AD57F00AA2954 /* XCRemoteSwiftPackageReference "Alamofire" */ = {
			isa = XCRemoteSwiftPackageReference;
			repositoryURL = "https://github.com/Alamofire/Alamofire.git";
			requirement = {
				kind = upToNextMajorVersion;
				minimumVersion = 5.9.1;
			};
		};
		D466A3402C1AD58900AA2954 /* XCRemoteSwiftPackageReference "SnapKit" */ = {
			isa = XCRemoteSwiftPackageReference;
			repositoryURL = "https://github.com/SnapKit/SnapKit.git";
			requirement = {
				kind = upToNextMajorVersion;
				minimumVersion = 5.7.1;
			};
		};
		D466A3812C1DDE8800AA2954 /* XCRemoteSwiftPackageReference "Kingfisher" */ = {
			isa = XCRemoteSwiftPackageReference;
			repositoryURL = "https://github.com/onevcat/Kingfisher.git";
			requirement = {
				kind = upToNextMajorVersion;
				minimumVersion = 7.12.0;
			};
		};
/* End XCRemoteSwiftPackageReference section */

/* Begin XCSwiftPackageProductDependency section */
		D427464B2C3AFA210014FB1F /* RealmSwift */ = {
			isa = XCSwiftPackageProductDependency;
			package = D427464A2C3AFA210014FB1F /* XCRemoteSwiftPackageReference "realm-swift" */;
			productName = RealmSwift;
		};
		D466A33E2C1AD57F00AA2954 /* Alamofire */ = {
			isa = XCSwiftPackageProductDependency;
			package = D466A33D2C1AD57F00AA2954 /* XCRemoteSwiftPackageReference "Alamofire" */;
			productName = Alamofire;
		};
		D466A3412C1AD58900AA2954 /* SnapKit */ = {
			isa = XCSwiftPackageProductDependency;
			package = D466A3402C1AD58900AA2954 /* XCRemoteSwiftPackageReference "SnapKit" */;
			productName = SnapKit;
		};
		D466A3822C1DDE8800AA2954 /* Kingfisher */ = {
			isa = XCSwiftPackageProductDependency;
			package = D466A3812C1DDE8800AA2954 /* XCRemoteSwiftPackageReference "Kingfisher" */;
			productName = Kingfisher;
		};
/* End XCSwiftPackageProductDependency section */
	};
	rootObject = D466A31E2C1AD53F00AA2954 /* Project object */;
}
